
Microsoft Visual Studio Solution File, Format Version 12.00
# Visual Studio Version 17
VisualStudioVersion = 17.0.31903.59
MinimumVisualStudioVersion = 10.0.40219.1
Project("{2150E333-8FDC-42A3-9474-1A3956D46DE8}") = "src", "src", "{827E0CD3-B72D-47B6-A68D-7590B98EB39B}"
EndProject
Project("{2150E333-8FDC-42A3-9474-1A3956D46DE8}") = "SharedKernel", "SharedKernel", "{85F909CB-8F14-ECC8-BA9D-713D1771907F}"
EndProject
Project("{FAE04EC0-301F-11D3-BF4B-00C04F79EFBC}") = "SharedKernel.Domain", "src\SharedKernel\SharedKernel.Domain\SharedKernel.Domain.csproj", "{9D096CE8-7034-4678-9553-AA406BACC792}"
EndProject
Project("{FAE04EC0-301F-11D3-BF4B-00C04F79EFBC}") = "SharedKernel.Application", "src\SharedKernel\SharedKernel.Application\SharedKernel.Application.csproj", "{752054B0-9691-4C54-841C-FF0E5D578055}"
EndProject
Project("{FAE04EC0-301F-11D3-BF4B-00C04F79EFBC}") = "SharedKernel.Infrastructure", "src\SharedKernel\SharedKernel.Infrastructure\SharedKernel.Infrastructure.csproj", "{D1DB908A-5757-4E53-A3F9-F515CCCCDCA9}"
EndProject
Project("{2150E333-8FDC-42A3-9474-1A3956D46DE8}") = "Modules", "Modules", "{EC447DCF-ABFA-6E24-52A5-D7FD48A5C558}"
EndProject
Project("{2150E333-8FDC-42A3-9474-1A3956D46DE8}") = "Inventory", "Inventory", "{18C073E0-6CB1-4693-3636-BFEE619A6192}"
EndProject
Project("{FAE04EC0-301F-11D3-BF4B-00C04F79EFBC}") = "Inventory.Domain", "src\Modules\Inventory\Inventory.Domain\Inventory.Domain.csproj", "{D1F555A0-A541-4D3E-BF98-CAE28DBCE270}"
EndProject
Project("{FAE04EC0-301F-11D3-BF4B-00C04F79EFBC}") = "Inventory.Application", "src\Modules\Inventory\Inventory.Application\Inventory.Application.csproj", "{4A6088DD-8946-4F5F-AF95-0BDB897620F7}"
EndProject
Project("{FAE04EC0-301F-11D3-BF4B-00C04F79EFBC}") = "Inventory.Infrastructure", "src\Modules\Inventory\Inventory.Infrastructure\Inventory.Infrastructure.csproj", "{F19A11E1-2690-48D8-BFF0-E1B4EE6E5A87}"
EndProject
Project("{2150E333-8FDC-42A3-9474-1A3956D46DE8}") = "Orders", "Orders", "{CFD98C11-0354-2BE4-4011-BD6AEF12219D}"
EndProject
Project("{FAE04EC0-301F-11D3-BF4B-00C04F79EFBC}") = "Orders.Domain", "src\Modules\Orders\Orders.Domain\Orders.Domain.csproj", "{E74EA62F-C620-40DC-B945-7EE6030FB7B9}"
EndProject
Project("{FAE04EC0-301F-11D3-BF4B-00C04F79EFBC}") = "Orders.Application", "src\Modules\Orders\Orders.Application\Orders.Application.csproj", "{DD16E267-FCE3-4815-9393-8FC81007A481}"
EndProject
Project("{FAE04EC0-301F-11D3-BF4B-00C04F79EFBC}") = "Orders.Infrastructure", "src\Modules\Orders\Orders.Infrastructure\Orders.Infrastructure.csproj", "{2DA7B7C0-5278-4364-99AE-23909B289787}"
EndProject
Project("{2150E333-8FDC-42A3-9474-1A3956D46DE8}") = "Users", "Users", "{A26F344D-182E-CE53-AD51-2154946AC6F3}"
EndProject
Project("{FAE04EC0-301F-11D3-BF4B-00C04F79EFBC}") = "Users.Domain", "src\Modules\Users\Users.Domain\Users.Domain.csproj", "{E82F93BB-FD97-48B3-B8BC-B2B438C8565A}"
EndProject
Project("{FAE04EC0-301F-11D3-BF4B-00C04F79EFBC}") = "Users.Application", "src\Modules\Users\Users.Application\Users.Application.csproj", "{D94CAF4E-6FBC-4120-9795-294371DF76FF}"
EndProject
Project("{FAE04EC0-301F-11D3-BF4B-00C04F79EFBC}") = "Users.Infrastructure", "src\Modules\Users\Users.Infrastructure\Users.Infrastructure.csproj", "{80FA1C57-F992-42F1-AB22-F1E232487084}"
EndProject
Project("{FAE04EC0-301F-11D3-BF4B-00C04F79EFBC}") = "API", "src\API\API.csproj", "{42EC66B0-3DC9-4729-8920-4F8CFC750A9A}"
EndProject
Global
	GlobalSection(SolutionConfigurationPlatforms) = preSolution
		Debug|Any CPU = Debug|Any CPU
		Debug|x64 = Debug|x64
		Debug|x86 = Debug|x86
		Release|Any CPU = Release|Any CPU
		Release|x64 = Release|x64
		Release|x86 = Release|x86
	EndGlobalSection
	GlobalSection(ProjectConfigurationPlatforms) = postSolution
		{9D096CE8-7034-4678-9553-AA406BACC792}.Debug|Any CPU.ActiveCfg = Debug|Any CPU
		{9D096CE8-7034-4678-9553-AA406BACC792}.Debug|Any CPU.Build.0 = Debug|Any CPU
		{9D096CE8-7034-4678-9553-AA406BACC792}.Debug|x64.ActiveCfg = Debug|Any CPU
		{9D096CE8-7034-4678-9553-AA406BACC792}.Debug|x64.Build.0 = Debug|Any CPU
		{9D096CE8-7034-4678-9553-AA406BACC792}.Debug|x86.ActiveCfg = Debug|Any CPU
		{9D096CE8-7034-4678-9553-AA406BACC792}.Debug|x86.Build.0 = Debug|Any CPU
		{9D096CE8-7034-4678-9553-AA406BACC792}.Release|Any CPU.ActiveCfg = Release|Any CPU
		{9D096CE8-7034-4678-9553-AA406BACC792}.Release|Any CPU.Build.0 = Release|Any CPU
		{9D096CE8-7034-4678-9553-AA406BACC792}.Release|x64.ActiveCfg = Release|Any CPU
		{9D096CE8-7034-4678-9553-AA406BACC792}.Release|x64.Build.0 = Release|Any CPU
		{9D096CE8-7034-4678-9553-AA406BACC792}.Release|x86.ActiveCfg = Release|Any CPU
		{9D096CE8-7034-4678-9553-AA406BACC792}.Release|x86.Build.0 = Release|Any CPU
		{752054B0-9691-4C54-841C-FF0E5D578055}.Debug|Any CPU.ActiveCfg = Debug|Any CPU
		{752054B0-9691-4C54-841C-FF0E5D578055}.Debug|Any CPU.Build.0 = Debug|Any CPU
		{752054B0-9691-4C54-841C-FF0E5D578055}.Debug|x64.ActiveCfg = Debug|Any CPU
		{752054B0-9691-4C54-841C-FF0E5D578055}.Debug|x64.Build.0 = Debug|Any CPU
		{752054B0-9691-4C54-841C-FF0E5D578055}.Debug|x86.ActiveCfg = Debug|Any CPU
		{752054B0-9691-4C54-841C-FF0E5D578055}.Debug|x86.Build.0 = Debug|Any CPU
		{752054B0-9691-4C54-841C-FF0E5D578055}.Release|Any CPU.ActiveCfg = Release|Any CPU
		{752054B0-9691-4C54-841C-FF0E5D578055}.Release|Any CPU.Build.0 = Release|Any CPU
		{752054B0-9691-4C54-841C-FF0E5D578055}.Release|x64.ActiveCfg = Release|Any CPU
		{752054B0-9691-4C54-841C-FF0E5D578055}.Release|x64.Build.0 = Release|Any CPU
		{752054B0-9691-4C54-841C-FF0E5D578055}.Release|x86.ActiveCfg = Release|Any CPU
		{752054B0-9691-4C54-841C-FF0E5D578055}.Release|x86.Build.0 = Release|Any CPU
		{D1DB908A-5757-4E53-A3F9-F515CCCCDCA9}.Debug|Any CPU.ActiveCfg = Debug|Any CPU
		{D1DB908A-5757-4E53-A3F9-F515CCCCDCA9}.Debug|Any CPU.Build.0 = Debug|Any CPU
		{D1DB908A-5757-4E53-A3F9-F515CCCCDCA9}.Debug|x64.ActiveCfg = Debug|Any CPU
		{D1DB908A-5757-4E53-A3F9-F515CCCCDCA9}.Debug|x64.Build.0 = Debug|Any CPU
		{D1DB908A-5757-4E53-A3F9-F515CCCCDCA9}.Debug|x86.ActiveCfg = Debug|Any CPU
		{D1DB908A-5757-4E53-A3F9-F515CCCCDCA9}.Debug|x86.Build.0 = Debug|Any CPU
		{D1DB908A-5757-4E53-A3F9-F515CCCCDCA9}.Release|Any CPU.ActiveCfg = Release|Any CPU
		{D1DB908A-5757-4E53-A3F9-F515CCCCDCA9}.Release|Any CPU.Build.0 = Release|Any CPU
		{D1DB908A-5757-4E53-A3F9-F515CCCCDCA9}.Release|x64.ActiveCfg = Release|Any CPU
		{D1DB908A-5757-4E53-A3F9-F515CCCCDCA9}.Release|x64.Build.0 = Release|Any CPU
		{D1DB908A-5757-4E53-A3F9-F515CCCCDCA9}.Release|x86.ActiveCfg = Release|Any CPU
		{D1DB908A-5757-4E53-A3F9-F515CCCCDCA9}.Release|x86.Build.0 = Release|Any CPU
		{D1F555A0-A541-4D3E-BF98-CAE28DBCE270}.Debug|Any CPU.ActiveCfg = Debug|Any CPU
		{D1F555A0-A541-4D3E-BF98-CAE28DBCE270}.Debug|Any CPU.Build.0 = Debug|Any CPU
		{D1F555A0-A541-4D3E-BF98-CAE28DBCE270}.Debug|x64.ActiveCfg = Debug|Any CPU
		{D1F555A0-A541-4D3E-BF98-CAE28DBCE270}.Debug|x64.Build.0 = Debug|Any CPU
		{D1F555A0-A541-4D3E-BF98-CAE28DBCE270}.Debug|x86.ActiveCfg = Debug|Any CPU
		{D1F555A0-A541-4D3E-BF98-CAE28DBCE270}.Debug|x86.Build.0 = Debug|Any CPU
		{D1F555A0-A541-4D3E-BF98-CAE28DBCE270}.Release|Any CPU.ActiveCfg = Release|Any CPU
		{D1F555A0-A541-4D3E-BF98-CAE28DBCE270}.Release|Any CPU.Build.0 = Release|Any CPU
		{D1F555A0-A541-4D3E-BF98-CAE28DBCE270}.Release|x64.ActiveCfg = Release|Any CPU
		{D1F555A0-A541-4D3E-BF98-CAE28DBCE270}.Release|x64.Build.0 = Release|Any CPU
		{D1F555A0-A541-4D3E-BF98-CAE28DBCE270}.Release|x86.ActiveCfg = Release|Any CPU
		{D1F555A0-A541-4D3E-BF98-CAE28DBCE270}.Release|x86.Build.0 = Release|Any CPU
		{4A6088DD-8946-4F5F-AF95-0BDB897620F7}.Debug|Any CPU.ActiveCfg = Debug|Any CPU
		{4A6088DD-8946-4F5F-AF95-0BDB897620F7}.Debug|Any CPU.Build.0 = Debug|Any CPU
		{4A6088DD-8946-4F5F-AF95-0BDB897620F7}.Debug|x64.ActiveCfg = Debug|Any CPU
		{4A6088DD-8946-4F5F-AF95-0BDB897620F7}.Debug|x64.Build.0 = Debug|Any CPU
		{4A6088DD-8946-4F5F-AF95-0BDB897620F7}.Debug|x86.ActiveCfg = Debug|Any CPU
		{4A6088DD-8946-4F5F-AF95-0BDB897620F7}.Debug|x86.Build.0 = Debug|Any CPU
		{4A6088DD-8946-4F5F-AF95-0BDB897620F7}.Release|Any CPU.ActiveCfg = Release|Any CPU
		{4A6088DD-8946-4F5F-AF95-0BDB897620F7}.Release|Any CPU.Build.0 = Release|Any CPU
		{4A6088DD-8946-4F5F-AF95-0BDB897620F7}.Release|x64.ActiveCfg = Release|Any CPU
		{4A6088DD-8946-4F5F-AF95-0BDB897620F7}.Release|x64.Build.0 = Release|Any CPU
		{4A6088DD-8946-4F5F-AF95-0BDB897620F7}.Release|x86.ActiveCfg = Release|Any CPU
		{4A6088DD-8946-4F5F-AF95-0BDB897620F7}.Release|x86.Build.0 = Release|Any CPU
		{F19A11E1-2690-48D8-BFF0-E1B4EE6E5A87}.Debug|Any CPU.ActiveCfg = Debug|Any CPU
		{F19A11E1-2690-48D8-BFF0-E1B4EE6E5A87}.Debug|Any CPU.Build.0 = Debug|Any CPU
		{F19A11E1-2690-48D8-BFF0-E1B4EE6E5A87}.Debug|x64.ActiveCfg = Debug|Any CPU
		{F19A11E1-2690-48D8-BFF0-E1B4EE6E5A87}.Debug|x64.Build.0 = Debug|Any CPU
		{F19A11E1-2690-48D8-BFF0-E1B4EE6E5A87}.Debug|x86.ActiveCfg = Debug|Any CPU
		{F19A11E1-2690-48D8-BFF0-E1B4EE6E5A87}.Debug|x86.Build.0 = Debug|Any CPU
		{F19A11E1-2690-48D8-BFF0-E1B4EE6E5A87}.Release|Any CPU.ActiveCfg = Release|Any CPU
		{F19A11E1-2690-48D8-BFF0-E1B4EE6E5A87}.Release|Any CPU.Build.0 = Release|Any CPU
		{F19A11E1-2690-48D8-BFF0-E1B4EE6E5A87}.Release|x64.ActiveCfg = Release|Any CPU
		{F19A11E1-2690-48D8-BFF0-E1B4EE6E5A87}.Release|x64.Build.0 = Release|Any CPU
		{F19A11E1-2690-48D8-BFF0-E1B4EE6E5A87}.Release|x86.ActiveCfg = Release|Any CPU
		{F19A11E1-2690-48D8-BFF0-E1B4EE6E5A87}.Release|x86.Build.0 = Release|Any CPU
		{E74EA62F-C620-40DC-B945-7EE6030FB7B9}.Debug|Any CPU.ActiveCfg = Debug|Any CPU
		{E74EA62F-C620-40DC-B945-7EE6030FB7B9}.Debug|Any CPU.Build.0 = Debug|Any CPU
		{E74EA62F-C620-40DC-B945-7EE6030FB7B9}.Debug|x64.ActiveCfg = Debug|Any CPU
		{E74EA62F-C620-40DC-B945-7EE6030FB7B9}.Debug|x64.Build.0 = Debug|Any CPU
		{E74EA62F-C620-40DC-B945-7EE6030FB7B9}.Debug|x86.ActiveCfg = Debug|Any CPU
		{E74EA62F-C620-40DC-B945-7EE6030FB7B9}.Debug|x86.Build.0 = Debug|Any CPU
		{E74EA62F-C620-40DC-B945-7EE6030FB7B9}.Release|Any CPU.ActiveCfg = Release|Any CPU
		{E74EA62F-C620-40DC-B945-7EE6030FB7B9}.Release|Any CPU.Build.0 = Release|Any CPU
		{E74EA62F-C620-40DC-B945-7EE6030FB7B9}.Release|x64.ActiveCfg = Release|Any CPU
		{E74EA62F-C620-40DC-B945-7EE6030FB7B9}.Release|x64.Build.0 = Release|Any CPU
		{E74EA62F-C620-40DC-B945-7EE6030FB7B9}.Release|x86.ActiveCfg = Release|Any CPU
		{E74EA62F-C620-40DC-B945-7EE6030FB7B9}.Release|x86.Build.0 = Release|Any CPU
		{DD16E267-FCE3-4815-9393-8FC81007A481}.Debug|Any CPU.ActiveCfg = Debug|Any CPU
		{DD16E267-FCE3-4815-9393-8FC81007A481}.Debug|Any CPU.Build.0 = Debug|Any CPU
		{DD16E267-FCE3-4815-9393-8FC81007A481}.Debug|x64.ActiveCfg = Debug|Any CPU
		{DD16E267-FCE3-4815-9393-8FC81007A481}.Debug|x64.Build.0 = Debug|Any CPU
		{DD16E267-FCE3-4815-9393-8FC81007A481}.Debug|x86.ActiveCfg = Debug|Any CPU
		{DD16E267-FCE3-4815-9393-8FC81007A481}.Debug|x86.Build.0 = Debug|Any CPU
		{DD16E267-FCE3-4815-9393-8FC81007A481}.Release|Any CPU.ActiveCfg = Release|Any CPU
		{DD16E267-FCE3-4815-9393-8FC81007A481}.Release|Any CPU.Build.0 = Release|Any CPU
		{DD16E267-FCE3-4815-9393-8FC81007A481}.Release|x64.ActiveCfg = Release|Any CPU
		{DD16E267-FCE3-4815-9393-8FC81007A481}.Release|x64.Build.0 = Release|Any CPU
		{DD16E267-FCE3-4815-9393-8FC81007A481}.Release|x86.ActiveCfg = Release|Any CPU
		{DD16E267-FCE3-4815-9393-8FC81007A481}.Release|x86.Build.0 = Release|Any CPU
		{2DA7B7C0-5278-4364-99AE-23909B289787}.Debug|Any CPU.ActiveCfg = Debug|Any CPU
		{2DA7B7C0-5278-4364-99AE-23909B289787}.Debug|Any CPU.Build.0 = Debug|Any CPU
		{2DA7B7C0-5278-4364-99AE-23909B289787}.Debug|x64.ActiveCfg = Debug|Any CPU
		{2DA7B7C0-5278-4364-99AE-23909B289787}.Debug|x64.Build.0 = Debug|Any CPU
		{2DA7B7C0-5278-4364-99AE-23909B289787}.Debug|x86.ActiveCfg = Debug|Any CPU
		{2DA7B7C0-5278-4364-99AE-23909B289787}.Debug|x86.Build.0 = Debug|Any CPU
		{2DA7B7C0-5278-4364-99AE-23909B289787}.Release|Any CPU.ActiveCfg = Release|Any CPU
		{2DA7B7C0-5278-4364-99AE-23909B289787}.Release|Any CPU.Build.0 = Release|Any CPU
		{2DA7B7C0-5278-4364-99AE-23909B289787}.Release|x64.ActiveCfg = Release|Any CPU
		{2DA7B7C0-5278-4364-99AE-23909B289787}.Release|x64.Build.0 = Release|Any CPU
		{2DA7B7C0-5278-4364-99AE-23909B289787}.Release|x86.ActiveCfg = Release|Any CPU
		{2DA7B7C0-5278-4364-99AE-23909B289787}.Release|x86.Build.0 = Release|Any CPU
		{E82F93BB-FD97-48B3-B8BC-B2B438C8565A}.Debug|Any CPU.ActiveCfg = Debug|Any CPU
		{E82F93BB-FD97-48B3-B8BC-B2B438C8565A}.Debug|Any CPU.Build.0 = Debug|Any CPU
		{E82F93BB-FD97-48B3-B8BC-B2B438C8565A}.Debug|x64.ActiveCfg = Debug|Any CPU
		{E82F93BB-FD97-48B3-B8BC-B2B438C8565A}.Debug|x64.Build.0 = Debug|Any CPU
		{E82F93BB-FD97-48B3-B8BC-B2B438C8565A}.Debug|x86.ActiveCfg = Debug|Any CPU
		{E82F93BB-FD97-48B3-B8BC-B2B438C8565A}.Debug|x86.Build.0 = Debug|Any CPU
		{E82F93BB-FD97-48B3-B8BC-B2B438C8565A}.Release|Any CPU.ActiveCfg = Release|Any CPU
		{E82F93BB-FD97-48B3-B8BC-B2B438C8565A}.Release|Any CPU.Build.0 = Release|Any CPU
		{E82F93BB-FD97-48B3-B8BC-B2B438C8565A}.Release|x64.ActiveCfg = Release|Any CPU
		{E82F93BB-FD97-48B3-B8BC-B2B438C8565A}.Release|x64.Build.0 = Release|Any CPU
		{E82F93BB-FD97-48B3-B8BC-B2B438C8565A}.Release|x86.ActiveCfg = Release|Any CPU
		{E82F93BB-FD97-48B3-B8BC-B2B438C8565A}.Release|x86.Build.0 = Release|Any CPU
		{D94CAF4E-6FBC-4120-9795-294371DF76FF}.Debug|Any CPU.ActiveCfg = Debug|Any CPU
		{D94CAF4E-6FBC-4120-9795-294371DF76FF}.Debug|Any CPU.Build.0 = Debug|Any CPU
		{D94CAF4E-6FBC-4120-9795-294371DF76FF}.Debug|x64.ActiveCfg = Debug|Any CPU
		{D94CAF4E-6FBC-4120-9795-294371DF76FF}.Debug|x64.Build.0 = Debug|Any CPU
		{D94CAF4E-6FBC-4120-9795-294371DF76FF}.Debug|x86.ActiveCfg = Debug|Any CPU
		{D94CAF4E-6FBC-4120-9795-294371DF76FF}.Debug|x86.Build.0 = Debug|Any CPU
		{D94CAF4E-6FBC-4120-9795-294371DF76FF}.Release|Any CPU.ActiveCfg = Release|Any CPU
		{D94CAF4E-6FBC-4120-9795-294371DF76FF}.Release|Any CPU.Build.0 = Release|Any CPU
		{D94CAF4E-6FBC-4120-9795-294371DF76FF}.Release|x64.ActiveCfg = Release|Any CPU
		{D94CAF4E-6FBC-4120-9795-294371DF76FF}.Release|x64.Build.0 = Release|Any CPU
		{D94CAF4E-6FBC-4120-9795-294371DF76FF}.Release|x86.ActiveCfg = Release|Any CPU
		{D94CAF4E-6FBC-4120-9795-294371DF76FF}.Release|x86.Build.0 = Release|Any CPU
		{80FA1C57-F992-42F1-AB22-F1E232487084}.Debug|Any CPU.ActiveCfg = Debug|Any CPU
		{80FA1C57-F992-42F1-AB22-F1E232487084}.Debug|Any CPU.Build.0 = Debug|Any CPU
		{80FA1C57-F992-42F1-AB22-F1E232487084}.Debug|x64.ActiveCfg = Debug|Any CPU
		{80FA1C57-F992-42F1-AB22-F1E232487084}.Debug|x64.Build.0 = Debug|Any CPU
		{80FA1C57-F992-42F1-AB22-F1E232487084}.Debug|x86.ActiveCfg = Debug|Any CPU
		{80FA1C57-F992-42F1-AB22-F1E232487084}.Debug|x86.Build.0 = Debug|Any CPU
		{80FA1C57-F992-42F1-AB22-F1E232487084}.Release|Any CPU.ActiveCfg = Release|Any CPU
		{80FA1C57-F992-42F1-AB22-F1E232487084}.Release|Any CPU.Build.0 = Release|Any CPU
		{80FA1C57-F992-42F1-AB22-F1E232487084}.Release|x64.ActiveCfg = Release|Any CPU
		{80FA1C57-F992-42F1-AB22-F1E232487084}.Release|x64.Build.0 = Release|Any CPU
		{80FA1C57-F992-42F1-AB22-F1E232487084}.Release|x86.ActiveCfg = Release|Any CPU
		{80FA1C57-F992-42F1-AB22-F1E232487084}.Release|x86.Build.0 = Release|Any CPU
		{42EC66B0-3DC9-4729-8920-4F8CFC750A9A}.Debug|Any CPU.ActiveCfg = Debug|Any CPU
		{42EC66B0-3DC9-4729-8920-4F8CFC750A9A}.Debug|Any CPU.Build.0 = Debug|Any CPU
		{42EC66B0-3DC9-4729-8920-4F8CFC750A9A}.Debug|x64.ActiveCfg = Debug|Any CPU
		{42EC66B0-3DC9-4729-8920-4F8CFC750A9A}.Debug|x64.Build.0 = Debug|Any CPU
		{42EC66B0-3DC9-4729-8920-4F8CFC750A9A}.Debug|x86.ActiveCfg = Debug|Any CPU
		{42EC66B0-3DC9-4729-8920-4F8CFC750A9A}.Debug|x86.Build.0 = Debug|Any CPU
		{42EC66B0-3DC9-4729-8920-4F8CFC750A9A}.Release|Any CPU.ActiveCfg = Release|Any CPU
		{42EC66B0-3DC9-4729-8920-4F8CFC750A9A}.Release|Any CPU.Build.0 = Release|Any CPU
		{42EC66B0-3DC9-4729-8920-4F8CFC750A9A}.Release|x64.ActiveCfg = Release|Any CPU
		{42EC66B0-3DC9-4729-8920-4F8CFC750A9A}.Release|x64.Build.0 = Release|Any CPU
		{42EC66B0-3DC9-4729-8920-4F8CFC750A9A}.Release|x86.ActiveCfg = Release|Any CPU
		{42EC66B0-3DC9-4729-8920-4F8CFC750A9A}.Release|x86.Build.0 = Release|Any CPU
	EndGlobalSection
	GlobalSection(SolutionProperties) = preSolution
		HideSolutionNode = FALSE
	EndGlobalSection
	GlobalSection(NestedProjects) = preSolution
		{85F909CB-8F14-ECC8-BA9D-713D1771907F} = {827E0CD3-B72D-47B6-A68D-7590B98EB39B}
		{9D096CE8-7034-4678-9553-AA406BACC792} = {85F909CB-8F14-ECC8-BA9D-713D1771907F}
		{752054B0-9691-4C54-841C-FF0E5D578055} = {85F909CB-8F14-ECC8-BA9D-713D1771907F}
		{D1DB908A-5757-4E53-A3F9-F515CCCCDCA9} = {85F909CB-8F14-ECC8-BA9D-713D1771907F}
		{EC447DCF-ABFA-6E24-52A5-D7FD48A5C558} = {827E0CD3-B72D-47B6-A68D-7590B98EB39B}
		{18C073E0-6CB1-4693-3636-BFEE619A6192} = {EC447DCF-ABFA-6E24-52A5-D7FD48A5C558}
		{D1F555A0-A541-4D3E-BF98-CAE28DBCE270} = {18C073E0-6CB1-4693-3636-BFEE619A6192}
		{4A6088DD-8946-4F5F-AF95-0BDB897620F7} = {18C073E0-6CB1-4693-3636-BFEE619A6192}
		{F19A11E1-2690-48D8-BFF0-E1B4EE6E5A87} = {18C073E0-6CB1-4693-3636-BFEE619A6192}
		{CFD98C11-0354-2BE4-4011-BD6AEF12219D} = {EC447DCF-ABFA-6E24-52A5-D7FD48A5C558}
		{E74EA62F-C620-40DC-B945-7EE6030FB7B9} = {CFD98C11-0354-2BE4-4011-BD6AEF12219D}
		{DD16E267-FCE3-4815-9393-8FC81007A481} = {CFD98C11-0354-2BE4-4011-BD6AEF12219D}
		{2DA7B7C0-5278-4364-99AE-23909B289787} = {CFD98C11-0354-2BE4-4011-BD6AEF12219D}
		{A26F344D-182E-CE53-AD51-2154946AC6F3} = {EC447DCF-ABFA-6E24-52A5-D7FD48A5C558}
		{E82F93BB-FD97-48B3-B8BC-B2B438C8565A} = {A26F344D-182E-CE53-AD51-2154946AC6F3}
		{D94CAF4E-6FBC-4120-9795-294371DF76FF} = {A26F344D-182E-CE53-AD51-2154946AC6F3}
		{80FA1C57-F992-42F1-AB22-F1E232487084} = {A26F344D-182E-CE53-AD51-2154946AC6F3}
		{42EC66B0-3DC9-4729-8920-4F8CFC750A9A} = {827E0CD3-B72D-47B6-A68D-7590B98EB39B}
	EndGlobalSection
EndGlobal
